
Microsoft Visual Studio Solution File, Format Version 12.00
# Visual Studio Version 17
VisualStudioVersion = 17.10.35122.118
MinimumVisualStudioVersion = 10.0.40219.1
Project("{9A19103F-16F7-4668-BE54-9A1E7A4F7556}") = "PhuongTrinhBac2", "PhuongTrinhBac2\PhuongTrinhBac2.csproj", "{C2CD5869-33B3-4901-8260-213976895099}"
EndProject
Project("{9A19103F-16F7-4668-BE54-9A1E7A4F7556}") = "PhuongTrinhBac1", "PhuongTrinhBac1\PhuongTrinhBac1.csproj", "{687F6960-4332-4754-BB99-925B03CDA544}"
EndProject
Project("{9A19103F-16F7-4668-BE54-9A1E7A4F7556}") = "QuanLySanPham", "QuanLySanPham\QuanLySanPham.csproj", "{0EAD6AB9-1612-4FC0-AEF6-2A76C94646DF}"
EndProject
Project("{9A19103F-16F7-4668-BE54-9A1E7A4F7556}") = "ObjectModel", "ObjectModel\ObjectModel.csproj", "{D68F4B8D-E9D4-4A1B-A37A-DF77943701A2}"
EndProject
Project("{9A19103F-16F7-4668-BE54-9A1E7A4F7556}") = "FileProcessingLibrary", "FileProcessingLibrary\FileProcessingLibrary.csproj", "{9921BECD-DC92-4F11-9810-C9E4835726C3}"
EndProject
Project("{9A19103F-16F7-4668-BE54-9A1E7A4F7556}") = "DAL", "DAL\DAL.csproj", "{79C7838D-E082-4B97-9ED1-DB465070B940}"
EndProject
Project("{FAE04EC0-301F-11D3-BF4B-00C04F79EFBC}") = "QuanLySanPhamCSDL", "QuanLySanPhamCSDL\QuanLySanPhamCSDL.csproj", "{F2DBD1DF-688D-42E0-B1A3-1B778774EAD4}"
EndProject
Project("{FAE04EC0-301F-11D3-BF4B-00C04F79EFBC}") = "DemoAutoMLSentiment", "DemoAutoMLSentiment\DemoAutoMLSentiment.csproj", "{A14B1F26-3B08-4562-9813-6BBC4D2D96CE}"
EndProject
Project("{FAE04EC0-301F-11D3-BF4B-00C04F79EFBC}") = "MLModel1_ConsoleApp", "MLModel1_ConsoleApp\MLModel1_ConsoleApp.csproj", "{15774628-81B8-48D2-834C-54D18D7A1F19}"
EndProject
Project("{FAE04EC0-301F-11D3-BF4B-00C04F79EFBC}") = "CrossSentimentMLModel", "CrossSentimenttMLModel\CrossSentimentMLModel.csproj", "{C4FC07BE-FD71-44B8-8F29-108BEDC3E91B}"
EndProject
Project("{FAE04EC0-301F-11D3-BF4B-00C04F79EFBC}") = "EmotionAnalystApp", "EmotionAnalystApp\EmotionAnalystApp.csproj", "{8C75E014-DF6F-4773-A90B-DD9B0E04697B}"
EndProject
Global
	GlobalSection(SolutionConfigurationPlatforms) = preSolution
		Debug|Any CPU = Debug|Any CPU
		Release|Any CPU = Release|Any CPU
	EndGlobalSection
	GlobalSection(ProjectConfigurationPlatforms) = postSolution
		{C2CD5869-33B3-4901-8260-213976895099}.Debug|Any CPU.ActiveCfg = Debug|Any CPU
		{C2CD5869-33B3-4901-8260-213976895099}.Debug|Any CPU.Build.0 = Debug|Any CPU
		{C2CD5869-33B3-4901-8260-213976895099}.Release|Any CPU.ActiveCfg = Release|Any CPU
		{C2CD5869-33B3-4901-8260-213976895099}.Release|Any CPU.Build.0 = Release|Any CPU
		{687F6960-4332-4754-BB99-925B03CDA544}.Debug|Any CPU.ActiveCfg = Debug|Any CPU
		{687F6960-4332-4754-BB99-925B03CDA544}.Debug|Any CPU.Build.0 = Debug|Any CPU
		{687F6960-4332-4754-BB99-925B03CDA544}.Release|Any CPU.ActiveCfg = Release|Any CPU
		{687F6960-4332-4754-BB99-925B03CDA544}.Release|Any CPU.Build.0 = Release|Any CPU
		{0EAD6AB9-1612-4FC0-AEF6-2A76C94646DF}.Debug|Any CPU.ActiveCfg = Debug|Any CPU
		{0EAD6AB9-1612-4FC0-AEF6-2A76C94646DF}.Debug|Any CPU.Build.0 = Debug|Any CPU
		{0EAD6AB9-1612-4FC0-AEF6-2A76C94646DF}.Release|Any CPU.ActiveCfg = Release|Any CPU
		{0EAD6AB9-1612-4FC0-AEF6-2A76C94646DF}.Release|Any CPU.Build.0 = Release|Any CPU
		{D68F4B8D-E9D4-4A1B-A37A-DF77943701A2}.Debug|Any CPU.ActiveCfg = Debug|Any CPU
		{D68F4B8D-E9D4-4A1B-A37A-DF77943701A2}.Debug|Any CPU.Build.0 = Debug|Any CPU
		{D68F4B8D-E9D4-4A1B-A37A-DF77943701A2}.Release|Any CPU.ActiveCfg = Release|Any CPU
		{D68F4B8D-E9D4-4A1B-A37A-DF77943701A2}.Release|Any CPU.Build.0 = Release|Any CPU
		{9921BECD-DC92-4F11-9810-C9E4835726C3}.Debug|Any CPU.ActiveCfg = Debug|Any CPU
		{9921BECD-DC92-4F11-9810-C9E4835726C3}.Debug|Any CPU.Build.0 = Debug|Any CPU
		{9921BECD-DC92-4F11-9810-C9E4835726C3}.Release|Any CPU.ActiveCfg = Release|Any CPU
		{9921BECD-DC92-4F11-9810-C9E4835726C3}.Release|Any CPU.Build.0 = Release|Any CPU
		{79C7838D-E082-4B97-9ED1-DB465070B940}.Debug|Any CPU.ActiveCfg = Debug|Any CPU
		{79C7838D-E082-4B97-9ED1-DB465070B940}.Debug|Any CPU.Build.0 = Debug|Any CPU
		{79C7838D-E082-4B97-9ED1-DB465070B940}.Release|Any CPU.ActiveCfg = Release|Any CPU
		{79C7838D-E082-4B97-9ED1-DB465070B940}.Release|Any CPU.Build.0 = Release|Any CPU
		{F2DBD1DF-688D-42E0-B1A3-1B778774EAD4}.Debug|Any CPU.ActiveCfg = Debug|Any CPU
		{F2DBD1DF-688D-42E0-B1A3-1B778774EAD4}.Debug|Any CPU.Build.0 = Debug|Any CPU
		{F2DBD1DF-688D-42E0-B1A3-1B778774EAD4}.Release|Any CPU.ActiveCfg = Release|Any CPU
		{F2DBD1DF-688D-42E0-B1A3-1B778774EAD4}.Release|Any CPU.Build.0 = Release|Any CPU
		{A14B1F26-3B08-4562-9813-6BBC4D2D96CE}.Debug|Any CPU.ActiveCfg = Debug|Any CPU
		{A14B1F26-3B08-4562-9813-6BBC4D2D96CE}.Debug|Any CPU.Build.0 = Debug|Any CPU
		{A14B1F26-3B08-4562-9813-6BBC4D2D96CE}.Release|Any CPU.ActiveCfg = Release|Any CPU
		{A14B1F26-3B08-4562-9813-6BBC4D2D96CE}.Release|Any CPU.Build.0 = Release|Any CPU
		{15774628-81B8-48D2-834C-54D18D7A1F19}.Debug|Any CPU.ActiveCfg = Debug|Any CPU
		{15774628-81B8-48D2-834C-54D18D7A1F19}.Debug|Any CPU.Build.0 = Debug|Any CPU
		{15774628-81B8-48D2-834C-54D18D7A1F19}.Release|Any CPU.ActiveCfg = Release|Any CPU
		{15774628-81B8-48D2-834C-54D18D7A1F19}.Release|Any CPU.Build.0 = Release|Any CPU
		{C4FC07BE-FD71-44B8-8F29-108BEDC3E91B}.Debug|Any CPU.ActiveCfg = Debug|Any CPU
		{C4FC07BE-FD71-44B8-8F29-108BEDC3E91B}.Debug|Any CPU.Build.0 = Debug|Any CPU
		{C4FC07BE-FD71-44B8-8F29-108BEDC3E91B}.Release|Any CPU.ActiveCfg = Release|Any CPU
		{C4FC07BE-FD71-44B8-8F29-108BEDC3E91B}.Release|Any CPU.Build.0 = Release|Any CPU
		{8C75E014-DF6F-4773-A90B-DD9B0E04697B}.Debug|Any CPU.ActiveCfg = Debug|Any CPU
		{8C75E014-DF6F-4773-A90B-DD9B0E04697B}.Debug|Any CPU.Build.0 = Debug|Any CPU
		{8C75E014-DF6F-4773-A90B-DD9B0E04697B}.Release|Any CPU.ActiveCfg = Release|Any CPU
		{8C75E014-DF6F-4773-A90B-DD9B0E04697B}.Release|Any CPU.Build.0 = Release|Any CPU
	EndGlobalSection
	GlobalSection(SolutionProperties) = preSolution
		HideSolutionNode = FALSE
	EndGlobalSection
	GlobalSection(ExtensibilityGlobals) = postSolution
		SolutionGuid = {FBF645C6-BBB4-4D34-BA8D-5F7E260E5C94}
	EndGlobalSection
EndGlobal
